# This file was autogenerated by Stack.
# You should not edit this file by hand.
# For more information, please see the documentation at:
#   https://docs.haskellstack.org/en/stable/lock_files

packages:
- completed:
    commit: 16795d473acb33dfb8d425ba22ad1016d3440044
    git: https://github.com/jetho/Hclip
    name: Hclip
    pantry-tree:
      sha256: 6322e1b9a17ca09f40a8bb6388e5508e927d491fc203bcca8db88f648120d358
      size: 409
    version: 3.0.0.4
  original:
    commit: 16795d473acb33dfb8d425ba22ad1016d3440044
    git: https://github.com/jetho/Hclip
snapshots:
- completed:
    sha256: 1b1cb989b5728e6aee80592e84a3799d4b8c0fe1ea1f29dedfaf4cdd9c0f51c0
    size: 649572
    url: https://raw.githubusercontent.com/commercialhaskell/stackage-snapshots/master/lts/20/14.yaml
  original: lts-20.14
