# This file was autogenerated by Stack.
# You should not edit this file by hand.
# For more information, please see the documentation at:
#   https://docs.haskellstack.org/en/stable/lock_files

packages:
- completed:
    hackage: nanovg-0.8.0.0@sha256:224b71e26be44d80e76d4bfc8633aa74dae4b5675109781d57783b75f7aa74ef,4914
    pantry-tree:
      size: 2558
      sha256: c03390da9e9dd47b259c441611baf8afd4026d9de69190e175d94957cf78816b
  original:
    hackage: nanovg-0.8.0.0
- completed:
    name: monomer
    version: 1.3.0.0
    git: https://github.com/fjvallarino/monomer
    pantry-tree:
      size: 17177
      sha256: 6fe1a229c1c45b3203cf7eff2c2f1f771c9aa073e77bf246fa233cd9b534b92b
    commit: f4e4dddd99f063629a148b9717a05b2d9d9282d2
  original:
    git: https://github.com/fjvallarino/monomer
    commit: f4e4dddd99f063629a148b9717a05b2d9d9282d2
- completed:
    name: Hclip
    version: 3.0.0.4
    git: https://github.com/jetho/Hclip
    pantry-tree:
      size: 359
      sha256: a3677375badeb809fb9bf05062265637f09ffda62614d0a279c803ee9adfdb1d
    commit: c305dcbcc82f50f422fd96f2e29352c33d989907
  original:
    git: https://github.com/jetho/Hclip
    commit: c305dcbcc82f50f422fd96f2e29352c33d989907
snapshots:
- completed:
    size: 590102
    url: https://raw.githubusercontent.com/commercialhaskell/stackage-snapshots/master/lts/18/27.yaml
    sha256: 79a786674930a89301b0e908fad2822a48882f3d01486117693c377b8edffdbe
  original: lts-18.27
